// !$*UTF8*$!
{
	archiveVersion = 1;
	classes = {
	};
	objectVersion = 56;
	objects = {

/* Begin PBXBuildFile section */
		595C6C8F2B8631DC0087EDF9 /* Technical_Test_Farah_TorkhaniApp.swift in Sources */ = {isa = PBXBuildFile; fileRef = 595C6C8E2B8631DC0087EDF9 /* Technical_Test_Farah_TorkhaniApp.swift */; };
		595C6C912B8631DC0087EDF9 /* ContentView.swift in Sources */ = {isa = PBXBuildFile; fileRef = 595C6C902B8631DC0087EDF9 /* ContentView.swift */; };
		595C6C932B8631DD0087EDF9 /* Assets.xcassets in Resources */ = {isa = PBXBuildFile; fileRef = 595C6C922B8631DD0087EDF9 /* Assets.xcassets */; };
		595C6C962B8631DD0087EDF9 /* Preview Assets.xcassets in Resources */ = {isa = PBXBuildFile; fileRef = 595C6C952B8631DD0087EDF9 /* Preview Assets.xcassets */; };
		595C6C982B8631DD0087EDF9 /* Persistence.swift in Sources */ = {isa = PBXBuildFile; fileRef = 595C6C972B8631DD0087EDF9 /* Persistence.swift */; };
		595C6C9B2B8631DD0087EDF9 /* Technical_Test_Farah_Torkhani.xcdatamodeld in Sources */ = {isa = PBXBuildFile; fileRef = 595C6C992B8631DD0087EDF9 /* Technical_Test_Farah_Torkhani.xcdatamodeld */; };
		595C6CA52B8631DD0087EDF9 /* Technical_Test_Farah_TorkhaniTests.swift in Sources */ = {isa = PBXBuildFile; fileRef = 595C6CA42B8631DD0087EDF9 /* Technical_Test_Farah_TorkhaniTests.swift */; };
		595C6CAF2B8631DE0087EDF9 /* Technical_Test_Farah_TorkhaniUITests.swift in Sources */ = {isa = PBXBuildFile; fileRef = 595C6CAE2B8631DE0087EDF9 /* Technical_Test_Farah_TorkhaniUITests.swift */; };
		595C6CB12B8631DE0087EDF9 /* Technical_Test_Farah_TorkhaniUITestsLaunchTests.swift in Sources */ = {isa = PBXBuildFile; fileRef = 595C6CB02B8631DE0087EDF9 /* Technical_Test_Farah_TorkhaniUITestsLaunchTests.swift */; };
		595C6CC32B8635410087EDF9 /* CustomNavigationBar.swift in Sources */ = {isa = PBXBuildFile; fileRef = 595C6CC22B8635410087EDF9 /* CustomNavigationBar.swift */; };
		595C6CC72B86359E0087EDF9 /* ProductDetailView.swift in Sources */ = {isa = PBXBuildFile; fileRef = 595C6CC62B86359E0087EDF9 /* ProductDetailView.swift */; };
		595C6CCC2B8654AE0087EDF9 /* Product.swift in Sources */ = {isa = PBXBuildFile; fileRef = 595C6CCB2B8654AE0087EDF9 /* Product.swift */; };
		595C6CCE2B86558A0087EDF9 /* BannerData.swift in Sources */ = {isa = PBXBuildFile; fileRef = 595C6CCD2B86558A0087EDF9 /* BannerData.swift */; };
		595C6CD22B868F2F0087EDF9 /* CartView.swift in Sources */ = {isa = PBXBuildFile; fileRef = 595C6CD12B868F2F0087EDF9 /* CartView.swift */; };
		595C6CD42B869DD30087EDF9 /* ProfileView.swift in Sources */ = {isa = PBXBuildFile; fileRef = 595C6CD32B869DD30087EDF9 /* ProfileView.swift */; };
		595C6CD62B86A4740087EDF9 /* HomeView.swift in Sources */ = {isa = PBXBuildFile; fileRef = 595C6CD52B86A4740087EDF9 /* HomeView.swift */; };
/* End PBXBuildFile section */

/* Begin PBXContainerItemProxy section */
		595C6CA12B8631DD0087EDF9 /* PBXContainerItemProxy */ = {
			isa = PBXContainerItemProxy;
			containerPortal = 595C6C832B8631DC0087EDF9 /* Project object */;
			proxyType = 1;
			remoteGlobalIDString = 595C6C8A2B8631DC0087EDF9;
			remoteInfo = "Technical-Test-Farah-Torkhani";
		};
		595C6CAB2B8631DE0087EDF9 /* PBXContainerItemProxy */ = {
			isa = PBXContainerItemProxy;
			containerPortal = 595C6C832B8631DC0087EDF9 /* Project object */;
			proxyType = 1;
			remoteGlobalIDString = 595C6C8A2B8631DC0087EDF9;
			remoteInfo = "Technical-Test-Farah-Torkhani";
		};
/* End PBXContainerItemProxy section */

/* Begin PBXFileReference section */
		595C6C8B2B8631DC0087EDF9 /* Technical-Test-Farah-Torkhani.app */ = {isa = PBXFileReference; explicitFileType = wrapper.application; includeInIndex = 0; path = "Technical-Test-Farah-Torkhani.app"; sourceTree = BUILT_PRODUCTS_DIR; };
		595C6C8E2B8631DC0087EDF9 /* Technical_Test_Farah_TorkhaniApp.swift */ = {isa = PBXFileReference; lastKnownFileType = sourcecode.swift; path = Technical_Test_Farah_TorkhaniApp.swift; sourceTree = "<group>"; };
		595C6C902B8631DC0087EDF9 /* ContentView.swift */ = {isa = PBXFileReference; lastKnownFileType = sourcecode.swift; path = ContentView.swift; sourceTree = "<group>"; };
		595C6C922B8631DD0087EDF9 /* Assets.xcassets */ = {isa = PBXFileReference; lastKnownFileType = folder.assetcatalog; path = Assets.xcassets; sourceTree = "<group>"; };
		595C6C952B8631DD0087EDF9 /* Preview Assets.xcassets */ = {isa = PBXFileReference; lastKnownFileType = folder.assetcatalog; path = "Preview Assets.xcassets"; sourceTree = "<group>"; };
		595C6C972B8631DD0087EDF9 /* Persistence.swift */ = {isa = PBXFileReference; lastKnownFileType = sourcecode.swift; path = Persistence.swift; sourceTree = "<group>"; };
		595C6C9A2B8631DD0087EDF9 /* Technical_Test_Farah_Torkhani.xcdatamodel */ = {isa = PBXFileReference; lastKnownFileType = wrapper.xcdatamodel; path = Technical_Test_Farah_Torkhani.xcdatamodel; sourceTree = "<group>"; };
		595C6CA02B8631DD0087EDF9 /* Technical-Test-Farah-TorkhaniTests.xctest */ = {isa = PBXFileReference; explicitFileType = wrapper.cfbundle; includeInIndex = 0; path = "Technical-Test-Farah-TorkhaniTests.xctest"; sourceTree = BUILT_PRODUCTS_DIR; };
		595C6CA42B8631DD0087EDF9 /* Technical_Test_Farah_TorkhaniTests.swift */ = {isa = PBXFileReference; lastKnownFileType = sourcecode.swift; path = Technical_Test_Farah_TorkhaniTests.swift; sourceTree = "<group>"; };
		595C6CAA2B8631DE0087EDF9 /* Technical-Test-Farah-TorkhaniUITests.xctest */ = {isa = PBXFileReference; explicitFileType = wrapper.cfbundle; includeInIndex = 0; path = "Technical-Test-Farah-TorkhaniUITests.xctest"; sourceTree = BUILT_PRODUCTS_DIR; };
		595C6CAE2B8631DE0087EDF9 /* Technical_Test_Farah_TorkhaniUITests.swift */ = {isa = PBXFileReference; lastKnownFileType = sourcecode.swift; path = Technical_Test_Farah_TorkhaniUITests.swift; sourceTree = "<group>"; };
		595C6CB02B8631DE0087EDF9 /* Technical_Test_Farah_TorkhaniUITestsLaunchTests.swift */ = {isa = PBXFileReference; lastKnownFileType = sourcecode.swift; path = Technical_Test_Farah_TorkhaniUITestsLaunchTests.swift; sourceTree = "<group>"; };
		595C6CC22B8635410087EDF9 /* CustomNavigationBar.swift */ = {isa = PBXFileReference; lastKnownFileType = sourcecode.swift; path = CustomNavigationBar.swift; sourceTree = "<group>"; };
		595C6CC62B86359E0087EDF9 /* ProductDetailView.swift */ = {isa = PBXFileReference; lastKnownFileType = sourcecode.swift; path = ProductDetailView.swift; sourceTree = "<group>"; };
		595C6CCB2B8654AE0087EDF9 /* Product.swift */ = {isa = PBXFileReference; lastKnownFileType = sourcecode.swift; path = Product.swift; sourceTree = "<group>"; };
		595C6CCD2B86558A0087EDF9 /* BannerData.swift */ = {isa = PBXFileReference; lastKnownFileType = sourcecode.swift; path = BannerData.swift; sourceTree = "<group>"; };
		595C6CD12B868F2F0087EDF9 /* CartView.swift */ = {isa = PBXFileReference; lastKnownFileType = sourcecode.swift; path = CartView.swift; sourceTree = "<group>"; };
		595C6CD32B869DD30087EDF9 /* ProfileView.swift */ = {isa = PBXFileReference; lastKnownFileType = sourcecode.swift; path = ProfileView.swift; sourceTree = "<group>"; };
		595C6CD52B86A4740087EDF9 /* HomeView.swift */ = {isa = PBXFileReference; lastKnownFileType = sourcecode.swift; path = HomeView.swift; sourceTree = "<group>"; };
/* End PBXFileReference section */

/* Begin PBXFrameworksBuildPhase section */
		595C6C882B8631DC0087EDF9 /* Frameworks */ = {
			isa = PBXFrameworksBuildPhase;
			buildActionMask = 2147483647;
			files = (
			);
			runOnlyForDeploymentPostprocessing = 0;
		};
		595C6C9D2B8631DD0087EDF9 /* Frameworks */ = {
			isa = PBXFrameworksBuildPhase;
			buildActionMask = 2147483647;
			files = (
			);
			runOnlyForDeploymentPostprocessing = 0;
		};
		595C6CA72B8631DE0087EDF9 /* Frameworks */ = {
			isa = PBXFrameworksBuildPhase;
			buildActionMask = 2147483647;
			files = (
			);
			runOnlyForDeploymentPostprocessing = 0;
		};
/* End PBXFrameworksBuildPhase section */

/* Begin PBXGroup section */
		595C6C822B8631DC0087EDF9 = {
			isa = PBXGroup;
			children = (
				595C6C8D2B8631DC0087EDF9 /* Technical-Test-Farah-Torkhani */,
				595C6CA32B8631DD0087EDF9 /* Technical-Test-Farah-TorkhaniTests */,
				595C6C8C2B8631DC0087EDF9 /* Products */,
			);
			sourceTree = "<group>";
		};
		595C6C8C2B8631DC0087EDF9 /* Products */ = {
			isa = PBXGroup;
			children = (
				595C6C8B2B8631DC0087EDF9 /* Technical-Test-Farah-Torkhani.app */,
				595C6CA02B8631DD0087EDF9 /* Technical-Test-Farah-TorkhaniTests.xctest */,
				595C6CAA2B8631DE0087EDF9 /* Technical-Test-Farah-TorkhaniUITests.xctest */,
			);
			name = Products;
			sourceTree = "<group>";
		};
		595C6C8D2B8631DC0087EDF9 /* Technical-Test-Farah-Torkhani */ = {
			isa = PBXGroup;
			children = (
				595C6CCA2B86549E0087EDF9 /* Models */,
				595C6CBD2B8633FD0087EDF9 /* Views */,
				595C6C8E2B8631DC0087EDF9 /* Technical_Test_Farah_TorkhaniApp.swift */,
				595C6C902B8631DC0087EDF9 /* ContentView.swift */,
				595C6C922B8631DD0087EDF9 /* Assets.xcassets */,
				595C6C972B8631DD0087EDF9 /* Persistence.swift */,
				595C6C992B8631DD0087EDF9 /* Technical_Test_Farah_Torkhani.xcdatamodeld */,
				595C6C942B8631DD0087EDF9 /* Preview Content */,
				595C6CC22B8635410087EDF9 /* CustomNavigationBar.swift */,
			);
			path = "Technical-Test-Farah-Torkhani";
			sourceTree = "<group>";
		};
		595C6C942B8631DD0087EDF9 /* Preview Content */ = {
			isa = PBXGroup;
			children = (
				595C6C952B8631DD0087EDF9 /* Preview Assets.xcassets */,
			);
			path = "Preview Content";
			sourceTree = "<group>";
		};
		595C6CA32B8631DD0087EDF9 /* Technical-Test-Farah-TorkhaniTests */ = {
			isa = PBXGroup;
			children = (
				595C6CA42B8631DD0087EDF9 /* Technical_Test_Farah_TorkhaniTests.swift */,
				595C6CAD2B8631DE0087EDF9 /* Technical-Test-Farah-TorkhaniUITests */,
			);
			path = "Technical-Test-Farah-TorkhaniTests";
			sourceTree = "<group>";
		};
		595C6CAD2B8631DE0087EDF9 /* Technical-Test-Farah-TorkhaniUITests */ = {
			isa = PBXGroup;
			children = (
				595C6CAE2B8631DE0087EDF9 /* Technical_Test_Farah_TorkhaniUITests.swift */,
				595C6CB02B8631DE0087EDF9 /* Technical_Test_Farah_TorkhaniUITestsLaunchTests.swift */,
			);
			path = "Technical-Test-Farah-TorkhaniUITests";
			sourceTree = "<group>";
		};
		595C6CBD2B8633FD0087EDF9 /* Views */ = {
			isa = PBXGroup;
			children = (
				595C6CC62B86359E0087EDF9 /* ProductDetailView.swift */,
				595C6CD12B868F2F0087EDF9 /* CartView.swift */,
				595C6CD32B869DD30087EDF9 /* ProfileView.swift */,
				595C6CD52B86A4740087EDF9 /* HomeView.swift */,
			);
			path = Views;
			sourceTree = "<group>";
		};
		595C6CCA2B86549E0087EDF9 /* Models */ = {
			isa = PBXGroup;
			children = (
				595C6CCB2B8654AE0087EDF9 /* Product.swift */,
				595C6CCD2B86558A0087EDF9 /* BannerData.swift */,
			);
			path = Models;
			sourceTree = "<group>";
		};
/* End PBXGroup section */

/* Begin PBXNativeTarget section */
		595C6C8A2B8631DC0087EDF9 /* Technical-Test-Farah-Torkhani */ = {
			isa = PBXNativeTarget;
			buildConfigurationList = 595C6CB42B8631DE0087EDF9 /* Build configuration list for PBXNativeTarget "Technical-Test-Farah-Torkhani" */;
			buildPhases = (
				595C6C872B8631DC0087EDF9 /* Sources */,
				595C6C882B8631DC0087EDF9 /* Frameworks */,
				595C6C892B8631DC0087EDF9 /* Resources */,
			);
			buildRules = (
			);
			dependencies = (
			);
			name = "Technical-Test-Farah-Torkhani";
			productName = "Technical-Test-Farah-Torkhani";
			productReference = 595C6C8B2B8631DC0087EDF9 /* Technical-Test-Farah-Torkhani.app */;
			productType = "com.apple.product-type.application";
		};
		595C6C9F2B8631DD0087EDF9 /* Technical-Test-Farah-TorkhaniTests */ = {
			isa = PBXNativeTarget;
			buildConfigurationList = 595C6CB72B8631DE0087EDF9 /* Build configuration list for PBXNativeTarget "Technical-Test-Farah-TorkhaniTests" */;
			buildPhases = (
				595C6C9C2B8631DD0087EDF9 /* Sources */,
				595C6C9D2B8631DD0087EDF9 /* Frameworks */,
				595C6C9E2B8631DD0087EDF9 /* Resources */,
			);
			buildRules = (
			);
			dependencies = (
				595C6CA22B8631DD0087EDF9 /* PBXTargetDependency */,
			);
			name = "Technical-Test-Farah-TorkhaniTests";
			productName = "Technical-Test-Farah-TorkhaniTests";
			productReference = 595C6CA02B8631DD0087EDF9 /* Technical-Test-Farah-TorkhaniTests.xctest */;
			productType = "com.apple.product-type.bundle.unit-test";
		};
		595C6CA92B8631DE0087EDF9 /* Technical-Test-Farah-TorkhaniUITests */ = {
			isa = PBXNativeTarget;
			buildConfigurationList = 595C6CBA2B8631DE0087EDF9 /* Build configuration list for PBXNativeTarget "Technical-Test-Farah-TorkhaniUITests" */;
			buildPhases = (
				595C6CA62B8631DE0087EDF9 /* Sources */,
				595C6CA72B8631DE0087EDF9 /* Frameworks */,
				595C6CA82B8631DE0087EDF9 /* Resources */,
			);
			buildRules = (
			);
			dependencies = (
				595C6CAC2B8631DE0087EDF9 /* PBXTargetDependency */,
			);
			name = "Technical-Test-Farah-TorkhaniUITests";
			productName = "Technical-Test-Farah-TorkhaniUITests";
			productReference = 595C6CAA2B8631DE0087EDF9 /* Technical-Test-Farah-TorkhaniUITests.xctest */;
			productType = "com.apple.product-type.bundle.ui-testing";
		};
/* End PBXNativeTarget section */

/* Begin PBXProject section */
		595C6C832B8631DC0087EDF9 /* Project object */ = {
			isa = PBXProject;
			attributes = {
				BuildIndependentTargetsInParallel = 1;
				LastSwiftUpdateCheck = 1500;
				LastUpgradeCheck = 1500;
				TargetAttributes = {
					595C6C8A2B8631DC0087EDF9 = {
						CreatedOnToolsVersion = 15.0.1;
					};
					595C6C9F2B8631DD0087EDF9 = {
						CreatedOnToolsVersion = 15.0.1;
						TestTargetID = 595C6C8A2B8631DC0087EDF9;
					};
					595C6CA92B8631DE0087EDF9 = {
						CreatedOnToolsVersion = 15.0.1;
						TestTargetID = 595C6C8A2B8631DC0087EDF9;
					};
				};
			};
			buildConfigurationList = 595C6C862B8631DC0087EDF9 /* Build configuration list for PBXProject "Technical-Test-Farah-Torkhani" */;
			compatibilityVersion = "Xcode 14.0";
			developmentRegion = en;
			hasScannedForEncodings = 0;
			knownRegions = (
				en,
				Base,
			);
			mainGroup = 595C6C822B8631DC0087EDF9;
			productRefGroup = 595C6C8C2B8631DC0087EDF9 /* Products */;
			projectDirPath = "";
			projectRoot = "";
			targets = (
				595C6C8A2B8631DC0087EDF9 /* Technical-Test-Farah-Torkhani */,
				595C6C9F2B8631DD0087EDF9 /* Technical-Test-Farah-TorkhaniTests */,
				595C6CA92B8631DE0087EDF9 /* Technical-Test-Farah-TorkhaniUITests */,
			);
		};
/* End PBXProject section */

/* Begin PBXResourcesBuildPhase section */
		595C6C892B8631DC0087EDF9 /* Resources */ = {
			isa = PBXResourcesBuildPhase;
			buildActionMask = 2147483647;
			files = (
				595C6C962B8631DD0087EDF9 /* Preview Assets.xcassets in Resources */,
				595C6C932B8631DD0087EDF9 /* Assets.xcassets in Resources */,
			);
			runOnlyForDeploymentPostprocessing = 0;
		};
		595C6C9E2B8631DD0087EDF9 /* Resources */ = {
			isa = PBXResourcesBuildPhase;
			buildActionMask = 2147483647;
			files = (
			);
			runOnlyForDeploymentPostprocessing = 0;
		};
		595C6CA82B8631DE0087EDF9 /* Resources */ = {
			isa = PBXResourcesBuildPhase;
			buildActionMask = 2147483647;
			files = (
			);
			runOnlyForDeploymentPostprocessing = 0;
		};
/* End PBXResourcesBuildPhase section */

/* Begin PBXSourcesBuildPhase section */
		595C6C872B8631DC0087EDF9 /* Sources */ = {
			isa = PBXSourcesBuildPhase;
			buildActionMask = 2147483647;
			files = (
				595C6CD22B868F2F0087EDF9 /* CartView.swift in Sources */,
				595C6CC32B8635410087EDF9 /* CustomNavigationBar.swift in Sources */,
				595C6CC72B86359E0087EDF9 /* ProductDetailView.swift in Sources */,
				595C6C9B2B8631DD0087EDF9 /* Technical_Test_Farah_Torkhani.xcdatamodeld in Sources */,
				595C6C982B8631DD0087EDF9 /* Persistence.swift in Sources */,
				595C6CCE2B86558A0087EDF9 /* BannerData.swift in Sources */,
				595C6C912B8631DC0087EDF9 /* ContentView.swift in Sources */,
				595C6CCC2B8654AE0087EDF9 /* Product.swift in Sources */,
				595C6CD62B86A4740087EDF9 /* HomeView.swift in Sources */,
				595C6CD42B869DD30087EDF9 /* ProfileView.swift in Sources */,
				595C6C8F2B8631DC0087EDF9 /* Technical_Test_Farah_TorkhaniApp.swift in Sources */,
			);
			runOnlyForDeploymentPostprocessing = 0;
		};
		595C6C9C2B8631DD0087EDF9 /* Sources */ = {
			isa = PBXSourcesBuildPhase;
			buildActionMask = 2147483647;
			files = (
				595C6CA52B8631DD0087EDF9 /* Technical_Test_Farah_TorkhaniTests.swift in Sources */,
			);
			runOnlyForDeploymentPostprocessing = 0;
		};
		595C6CA62B8631DE0087EDF9 /* Sources */ = {
			isa = PBXSourcesBuildPhase;
			buildActionMask = 2147483647;
			files = (
				595C6CAF2B8631DE0087EDF9 /* Technical_Test_Farah_TorkhaniUITests.swift in Sources */,
				595C6CB12B8631DE0087EDF9 /* Technical_Test_Farah_TorkhaniUITestsLaunchTests.swift in Sources */,
			);
			runOnlyForDeploymentPostprocessing = 0;
		};
/* End PBXSourcesBuildPhase section */

/* Begin PBXTargetDependency section */
		595C6CA22B8631DD0087EDF9 /* PBXTargetDependency */ = {
			isa = PBXTargetDependency;
			target = 595C6C8A2B8631DC0087EDF9 /* Technical-Test-Farah-Torkhani */;
			targetProxy = 595C6CA12B8631DD0087EDF9 /* PBXContainerItemProxy */;
		};
		595C6CAC2B8631DE0087EDF9 /* PBXTargetDependency */ = {
			isa = PBXTargetDependency;
			target = 595C6C8A2B8631DC0087EDF9 /* Technical-Test-Farah-Torkhani */;
			targetProxy = 595C6CAB2B8631DE0087EDF9 /* PBXContainerItemProxy */;
		};
/* End PBXTargetDependency section */

/* Begin XCBuildConfiguration section */
		595C6CB22B8631DE0087EDF9 /* Debug */ = {
			isa = XCBuildConfiguration;
			buildSettings = {
				ALWAYS_SEARCH_USER_PATHS = NO;
				ASSETCATALOG_COMPILER_GENERATE_SWIFT_ASSET_SYMBOL_EXTENSIONS = YES;
				CLANG_ANALYZER_NONNULL = YES;
				CLANG_ANALYZER_NUMBER_OBJECT_CONVERSION = YES_AGGRESSIVE;
				CLANG_CXX_LANGUAGE_STANDARD = "gnu++20";
				CLANG_ENABLE_MODULES = YES;
				CLANG_ENABLE_OBJC_ARC = YES;
				CLANG_ENABLE_OBJC_WEAK = YES;
				CLANG_WARN_BLOCK_CAPTURE_AUTORELEASING = YES;
				CLANG_WARN_BOOL_CONVERSION = YES;
				CLANG_WARN_COMMA = YES;
				CLANG_WARN_CONSTANT_CONVERSION = YES;
				CLANG_WARN_DEPRECATED_OBJC_IMPLEMENTATIONS = YES;
				CLANG_WARN_DIRECT_OBJC_ISA_USAGE = YES_ERROR;
				CLANG_WARN_DOCUMENTATION_COMMENTS = YES;
				CLANG_WARN_EMPTY_BODY = YES;
				CLANG_WARN_ENUM_CONVERSION = YES;
				CLANG_WARN_INFINITE_RECURSION = YES;
				CLANG_WARN_INT_CONVERSION = YES;
				CLANG_WARN_NON_LITERAL_NULL_CONVERSION = YES;
				CLANG_WARN_OBJC_IMPLICIT_RETAIN_SELF = YES;
				CLANG_WARN_OBJC_LITERAL_CONVERSION = YES;
				CLANG_WARN_OBJC_ROOT_CLASS = YES_ERROR;
				CLANG_WARN_QUOTED_INCLUDE_IN_FRAMEWORK_HEADER = YES;
				CLANG_WARN_RANGE_LOOP_ANALYSIS = YES;
				CLANG_WARN_STRICT_PROTOTYPES = YES;
				CLANG_WARN_SUSPICIOUS_MOVE = YES;
				CLANG_WARN_UNGUARDED_AVAILABILITY = YES_AGGRESSIVE;
				CLANG_WARN_UNREACHABLE_CODE = YES;
				CLANG_WARN__DUPLICATE_METHOD_MATCH = YES;
				COPY_PHASE_STRIP = NO;
				DEBUG_INFORMATION_FORMAT = dwarf;
				ENABLE_STRICT_OBJC_MSGSEND = YES;
				ENABLE_TESTABILITY = YES;
				ENABLE_USER_SCRIPT_SANDBOXING = YES;
				GCC_C_LANGUAGE_STANDARD = gnu17;
				GCC_DYNAMIC_NO_PIC = NO;
				GCC_NO_COMMON_BLOCKS = YES;
				GCC_OPTIMIZATION_LEVEL = 0;
				GCC_PREPROCESSOR_DEFINITIONS = (
					"DEBUG=1",
					"$(inherited)",
				);
				GCC_WARN_64_TO_32_BIT_CONVERSION = YES;
				GCC_WARN_ABOUT_RETURN_TYPE = YES_ERROR;
				GCC_WARN_UNDECLARED_SELECTOR = YES;
				GCC_WARN_UNINITIALIZED_AUTOS = YES_AGGRESSIVE;
				GCC_WARN_UNUSED_FUNCTION = YES;
				GCC_WARN_UNUSED_VARIABLE = YES;
				IPHONEOS_DEPLOYMENT_TARGET = 17.0;
				LOCALIZATION_PREFERS_STRING_CATALOGS = YES;
				MTL_ENABLE_DEBUG_INFO = INCLUDE_SOURCE;
				MTL_FAST_MATH = YES;
				ONLY_ACTIVE_ARCH = YES;
				SDKROOT = iphoneos;
				SWIFT_ACTIVE_COMPILATION_CONDITIONS = "DEBUG $(inherited)";
				SWIFT_OPTIMIZATION_LEVEL = "-Onone";
			};
			name = Debug;
		};
		595C6CB32B8631DE0087EDF9 /* Release */ = {
			isa = XCBuildConfiguration;
			buildSettings = {
				ALWAYS_SEARCH_USER_PATHS = NO;
				ASSETCATALOG_COMPILER_GENERATE_SWIFT_ASSET_SYMBOL_EXTENSIONS = YES;
				CLANG_ANALYZER_NONNULL = YES;
				CLANG_ANALYZER_NUMBER_OBJECT_CONVERSION = YES_AGGRESSIVE;
				CLANG_CXX_LANGUAGE_STANDARD = "gnu++20";
				CLANG_ENABLE_MODULES = YES;
				CLANG_ENABLE_OBJC_ARC = YES;
				CLANG_ENABLE_OBJC_WEAK = YES;
				CLANG_WARN_BLOCK_CAPTURE_AUTORELEASING = YES;
				CLANG_WARN_BOOL_CONVERSION = YES;
				CLANG_WARN_COMMA = YES;
				CLANG_WARN_CONSTANT_CONVERSION = YES;
				CLANG_WARN_DEPRECATED_OBJC_IMPLEMENTATIONS = YES;
				CLANG_WARN_DIRECT_OBJC_ISA_USAGE = YES_ERROR;
				CLANG_WARN_DOCUMENTATION_COMMENTS = YES;
				CLANG_WARN_EMPTY_BODY = YES;
				CLANG_WARN_ENUM_CONVERSION = YES;
				CLANG_WARN_INFINITE_RECURSION = YES;
				CLANG_WARN_INT_CONVERSION = YES;
				CLANG_WARN_NON_LITERAL_NULL_CONVERSION = YES;
				CLANG_WARN_OBJC_IMPLICIT_RETAIN_SELF = YES;
				CLANG_WARN_OBJC_LITERAL_CONVERSION = YES;
				CLANG_WARN_OBJC_ROOT_CLASS = YES_ERROR;
				CLANG_WARN_QUOTED_INCLUDE_IN_FRAMEWORK_HEADER = YES;
				CLANG_WARN_RANGE_LOOP_ANALYSIS = YES;
				CLANG_WARN_STRICT_PROTOTYPES = YES;
				CLANG_WARN_SUSPICIOUS_MOVE = YES;
				CLANG_WARN_UNGUARDED_AVAILABILITY = YES_AGGRESSIVE;
				CLANG_WARN_UNREACHABLE_CODE = YES;
				CLANG_WARN__DUPLICATE_METHOD_MATCH = YES;
				COPY_PHASE_STRIP = NO;
				DEBUG_INFORMATION_FORMAT = "dwarf-with-dsym";
				ENABLE_NS_ASSERTIONS = NO;
				ENABLE_STRICT_OBJC_MSGSEND = YES;
				ENABLE_USER_SCRIPT_SANDBOXING = YES;
				GCC_C_LANGUAGE_STANDARD = gnu17;
				GCC_NO_COMMON_BLOCKS = YES;
				GCC_WARN_64_TO_32_BIT_CONVERSION = YES;
				GCC_WARN_ABOUT_RETURN_TYPE = YES_ERROR;
				GCC_WARN_UNDECLARED_SELECTOR = YES;
				GCC_WARN_UNINITIALIZED_AUTOS = YES_AGGRESSIVE;
				GCC_WARN_UNUSED_FUNCTION = YES;
				GCC_WARN_UNUSED_VARIABLE = YES;
				IPHONEOS_DEPLOYMENT_TARGET = 17.0;
				LOCALIZATION_PREFERS_STRING_CATALOGS = YES;
				MTL_ENABLE_DEBUG_INFO = NO;
				MTL_FAST_MATH = YES;
				SDKROOT = iphoneos;
				SWIFT_COMPILATION_MODE = wholemodule;
				VALIDATE_PRODUCT = YES;
			};
			name = Release;
		};
		595C6CB52B8631DE0087EDF9 /* Debug */ = {
			isa = XCBuildConfiguration;
			buildSettings = {
				ASSETCATALOG_COMPILER_APPICON_NAME = AppIcon;
				ASSETCATALOG_COMPILER_GLOBAL_ACCENT_COLOR_NAME = AccentColor;
				CODE_SIGN_STYLE = Automatic;
				CURRENT_PROJECT_VERSION = 1;
				DEVELOPMENT_ASSET_PATHS = "\"Technical-Test-Farah-Torkhani/Preview Content\"";
				ENABLE_PREVIEWS = YES;
				GENERATE_INFOPLIST_FILE = YES;
				INFOPLIST_KEY_UIApplicationSceneManifest_Generation = YES;
				INFOPLIST_KEY_UIApplicationSupportsIndirectInputEvents = YES;
				INFOPLIST_KEY_UILaunchScreen_Generation = YES;
				INFOPLIST_KEY_UISupportedInterfaceOrientations_iPad = "UIInterfaceOrientationPortrait UIInterfaceOrientationPortraitUpsideDown UIInterfaceOrientationLandscapeLeft UIInterfaceOrientationLandscapeRight";
				INFOPLIST_KEY_UISupportedInterfaceOrientations_iPhone = "UIInterfaceOrientationPortrait UIInterfaceOrientationLandscapeLeft UIInterfaceOrientationLandscapeRight";
				IPHONEOS_DEPLOYMENT_TARGET = 16.0;
				LD_RUNPATH_SEARCH_PATHS = (
					"$(inherited)",
					"@executable_path/Frameworks",
				);
				MARKETING_VERSION = 1.0;
				PRODUCT_BUNDLE_IDENTIFIER = "ios-app.Technical-Test-Farah-Torkhani";
				PRODUCT_NAME = "$(TARGET_NAME)";
				SWIFT_EMIT_LOC_STRINGS = YES;
				SWIFT_VERSION = 5.0;
				TARGETED_DEVICE_FAMILY = "1,2";
			};
			name = Debug;
		};
		595C6CB62B8631DE0087EDF9 /* Release */ = {
			isa = XCBuildConfiguration;
			buildSettings = {
				ASSETCATALOG_COMPILER_APPICON_NAME = AppIcon;
				ASSETCATALOG_COMPILER_GLOBAL_ACCENT_COLOR_NAME = AccentColor;
				CODE_SIGN_STYLE = Automatic;
				CURRENT_PROJECT_VERSION = 1;
				DEVELOPMENT_ASSET_PATHS = "\"Technical-Test-Farah-Torkhani/Preview Content\"";
				ENABLE_PREVIEWS = YES;
				GENERATE_INFOPLIST_FILE = YES;
				INFOPLIST_KEY_UIApplicationSceneManifest_Generation = YES;
				INFOPLIST_KEY_UIApplicationSupportsIndirectInputEvents = YES;
				INFOPLIST_KEY_UILaunchScreen_Generation = YES;
				INFOPLIST_KEY_UISupportedInterfaceOrientations_iPad = "UIInterfaceOrientationPortrait UIInterfaceOrientationPortraitUpsideDown UIInterfaceOrientationLandscapeLeft UIInterfaceOrientationLandscapeRight";
				INFOPLIST_KEY_UISupportedInterfaceOrientations_iPhone = "UIInterfaceOrientationPortrait UIInterfaceOrientationLandscapeLeft UIInterfaceOrientationLandscapeRight";
				IPHONEOS_DEPLOYMENT_TARGET = 16.0;
				LD_RUNPATH_SEARCH_PATHS = (
					"$(inherited)",
					"@executable_path/Frameworks",
				);
				MARKETING_VERSION = 1.0;
				PRODUCT_BUNDLE_IDENTIFIER = "ios-app.Technical-Test-Farah-Torkhani";
				PRODUCT_NAME = "$(TARGET_NAME)";
				SWIFT_EMIT_LOC_STRINGS = YES;
				SWIFT_VERSION = 5.0;
				TARGETED_DEVICE_FAMILY = "1,2";
			};
			name = Release;
		};
		595C6CB82B8631DE0087EDF9 /* Debug */ = {
			isa = XCBuildConfiguration;
			buildSettings = {
				ALWAYS_EMBED_SWIFT_STANDARD_LIBRARIES = YES;
				BUNDLE_LOADER = "$(TEST_HOST)";
				CODE_SIGN_STYLE = Automatic;
				CURRENT_PROJECT_VERSION = 1;
				GENERATE_INFOPLIST_FILE = YES;
				IPHONEOS_DEPLOYMENT_TARGET = 17.0;
				MARKETING_VERSION = 1.0;
				PRODUCT_BUNDLE_IDENTIFIER = "ios-app.Technical-Test-Farah-TorkhaniTests";
				PRODUCT_NAME = "$(TARGET_NAME)";
				SWIFT_EMIT_LOC_STRINGS = NO;
				SWIFT_VERSION = 5.0;
				TARGETED_DEVICE_FAMILY = "1,2";
				TEST_HOST = "$(BUILT_PRODUCTS_DIR)/Technical-Test-Farah-Torkhani.app/$(BUNDLE_EXECUTABLE_FOLDER_PATH)/Technical-Test-Farah-Torkhani";
			};
			name = Debug;
		};
		595C6CB92B8631DE0087EDF9 /* Release */ = {
			isa = XCBuildConfiguration;
			buildSettings = {
				ALWAYS_EMBED_SWIFT_STANDARD_LIBRARIES = YES;
				BUNDLE_LOADER = "$(TEST_HOST)";
				CODE_SIGN_STYLE = Automatic;
				CURRENT_PROJECT_VERSION = 1;
				GENERATE_INFOPLIST_FILE = YES;
				IPHONEOS_DEPLOYMENT_TARGET = 17.0;
				MARKETING_VERSION = 1.0;
				PRODUCT_BUNDLE_IDENTIFIER = "ios-app.Technical-Test-Farah-TorkhaniTests";
				PRODUCT_NAME = "$(TARGET_NAME)";
				SWIFT_EMIT_LOC_STRINGS = NO;
				SWIFT_VERSION = 5.0;
				TARGETED_DEVICE_FAMILY = "1,2";
				TEST_HOST = "$(BUILT_PRODUCTS_DIR)/Technical-Test-Farah-Torkhani.app/$(BUNDLE_EXECUTABLE_FOLDER_PATH)/Technical-Test-Farah-Torkhani";
			};
			name = Release;
		};
		595C6CBB2B8631DE0087EDF9 /* Debug */ = {
			isa = XCBuildConfiguration;
			buildSettings = {
				ALWAYS_EMBED_SWIFT_STANDARD_LIBRARIES = YES;
				CODE_SIGN_STYLE = Automatic;
				CURRENT_PROJECT_VERSION = 1;
				GENERATE_INFOPLIST_FILE = YES;
				MARKETING_VERSION = 1.0;
				PRODUCT_BUNDLE_IDENTIFIER = "ios-app.Technical-Test-Farah-TorkhaniUITests";
				PRODUCT_NAME = "$(TARGET_NAME)";
				SWIFT_EMIT_LOC_STRINGS = NO;
				SWIFT_VERSION = 5.0;
				TARGETED_DEVICE_FAMILY = "1,2";
				TEST_TARGET_NAME = "Technical-Test-Farah-Torkhani";
			};
			name = Debug;
		};
		595C6CBC2B8631DE0087EDF9 /* Release */ = {
			isa = XCBuildConfiguration;
			buildSettings = {
				ALWAYS_EMBED_SWIFT_STANDARD_LIBRARIES = YES;
				CODE_SIGN_STYLE = Automatic;
				CURRENT_PROJECT_VERSION = 1;
				GENERATE_INFOPLIST_FILE = YES;
				MARKETING_VERSION = 1.0;
				PRODUCT_BUNDLE_IDENTIFIER = "ios-app.Technical-Test-Farah-TorkhaniUITests";
				PRODUCT_NAME = "$(TARGET_NAME)";
				SWIFT_EMIT_LOC_STRINGS = NO;
				SWIFT_VERSION = 5.0;
				TARGETED_DEVICE_FAMILY = "1,2";
				TEST_TARGET_NAME = "Technical-Test-Farah-Torkhani";
			};
			name = Release;
		};
/* End XCBuildConfiguration section */

/* Begin XCConfigurationList section */
		595C6C862B8631DC0087EDF9 /* Build configuration list for PBXProject "Technical-Test-Farah-Torkhani" */ = {
			isa = XCConfigurationList;
			buildConfigurations = (
				595C6CB22B8631DE0087EDF9 /* Debug */,
				595C6CB32B8631DE0087EDF9 /* Release */,
			);
			defaultConfigurationIsVisible = 0;
			defaultConfigurationName = Release;
		};
		595C6CB42B8631DE0087EDF9 /* Build configuration list for PBXNativeTarget "Technical-Test-Farah-Torkhani" */ = {
			isa = XCConfigurationList;
			buildConfigurations = (
				595C6CB52B8631DE0087EDF9 /* Debug */,
				595C6CB62B8631DE0087EDF9 /* Release */,
			);
			defaultConfigurationIsVisible = 0;
			defaultConfigurationName = Release;
		};
		595C6CB72B8631DE0087EDF9 /* Build configuration list for PBXNativeTarget "Technical-Test-Farah-TorkhaniTests" */ = {
			isa = XCConfigurationList;
			buildConfigurations = (
				595C6CB82B8631DE0087EDF9 /* Debug */,
				595C6CB92B8631DE0087EDF9 /* Release */,
			);
			defaultConfigurationIsVisible = 0;
			defaultConfigurationName = Release;
		};
		595C6CBA2B8631DE0087EDF9 /* Build configuration list for PBXNativeTarget "Technical-Test-Farah-TorkhaniUITests" */ = {
			isa = XCConfigurationList;
			buildConfigurations = (
				595C6CBB2B8631DE0087EDF9 /* Debug */,
				595C6CBC2B8631DE0087EDF9 /* Release */,
			);
			defaultConfigurationIsVisible = 0;
			defaultConfigurationName = Release;
		};
/* End XCConfigurationList section */

/* Begin XCVersionGroup section */
		595C6C992B8631DD0087EDF9 /* Technical_Test_Farah_Torkhani.xcdatamodeld */ = {
			isa = XCVersionGroup;
			children = (
				595C6C9A2B8631DD0087EDF9 /* Technical_Test_Farah_Torkhani.xcdatamodel */,
			);
			currentVersion = 595C6C9A2B8631DD0087EDF9 /* Technical_Test_Farah_Torkhani.xcdatamodel */;
			path = Technical_Test_Farah_Torkhani.xcdatamodeld;
			sourceTree = "<group>";
			versionGroupType = wrapper.xcdatamodel;
		};
/* End XCVersionGroup section */
	};
	rootObject = 595C6C832B8631DC0087EDF9 /* Project object */;
}
